// !$*UTF8*$!
{
	archiveVersion = 1;
	classes = {
	};
	objectVersion = 46;
	objects = {

/* Begin PBXBuildFile section */
		4C2B207C218B3C2F00692069 /* shah2.png in Resources */ = {isa = PBXBuildFile; fileRef = 4C2B207B218B3C2F00692069 /* shah2.png */; };
		4C2B207E218B3CEA00692069 /* shah3.png in Resources */ = {isa = PBXBuildFile; fileRef = 4C2B207D218B3CEA00692069 /* shah3.png */; };
		4C2B2080218B3CF000692069 /* shah4.png in Resources */ = {isa = PBXBuildFile; fileRef = 4C2B207F218B3CF000692069 /* shah4.png */; };
		4C2B2083218B3D4900692069 /* shah5.png in Resources */ = {isa = PBXBuildFile; fileRef = 4C2B2081218B3D4900692069 /* shah5.png */; };
		4C2B2084218B3D4900692069 /* shah6.png in Resources */ = {isa = PBXBuildFile; fileRef = 4C2B2082218B3D4900692069 /* shah6.png */; };
		4C2D41DB218C1614003F7250 /* SecondViewController.m in Sources */ = {isa = PBXBuildFile; fileRef = 4C2D41D9218C1614003F7250 /* SecondViewController.m */; };
		4C2D41DC218C1614003F7250 /* SecondViewController.xib in Resources */ = {isa = PBXBuildFile; fileRef = 4C2D41DA218C1614003F7250 /* SecondViewController.xib */; };
		4C2D41E0218C1635003F7250 /* ThridViewController.m in Sources */ = {isa = PBXBuildFile; fileRef = 4C2D41DE218C1635003F7250 /* ThridViewController.m */; };
		4C2D41E1218C1635003F7250 /* ThridViewController.xib in Resources */ = {isa = PBXBuildFile; fileRef = 4C2D41DF218C1635003F7250 /* ThridViewController.xib */; };
		4C2D41E5218C164E003F7250 /* FourViewController.m in Sources */ = {isa = PBXBuildFile; fileRef = 4C2D41E3218C164E003F7250 /* FourViewController.m */; };
		4C2D41E6218C164E003F7250 /* FourViewController.xib in Resources */ = {isa = PBXBuildFile; fileRef = 4C2D41E4218C164E003F7250 /* FourViewController.xib */; };
		4C7AFB65218844540044E5E2 /* main.m in Sources */ = {isa = PBXBuildFile; fileRef = 4C7AFB64218844540044E5E2 /* main.m */; };
		4C7AFB68218844540044E5E2 /* AppDelegate.m in Sources */ = {isa = PBXBuildFile; fileRef = 4C7AFB67218844540044E5E2 /* AppDelegate.m */; };
		4C7AFB6B218844540044E5E2 /* ViewController.m in Sources */ = {isa = PBXBuildFile; fileRef = 4C7AFB6A218844540044E5E2 /* ViewController.m */; };
		4C7AFB6E218844540044E5E2 /* Main.storyboard in Resources */ = {isa = PBXBuildFile; fileRef = 4C7AFB6C218844540044E5E2 /* Main.storyboard */; };
		4C7AFB70218844540044E5E2 /* Assets.xcassets in Resources */ = {isa = PBXBuildFile; fileRef = 4C7AFB6F218844540044E5E2 /* Assets.xcassets */; };
		4C7AFB73218844540044E5E2 /* LaunchScreen.storyboard in Resources */ = {isa = PBXBuildFile; fileRef = 4C7AFB71218844540044E5E2 /* LaunchScreen.storyboard */; };
		4C7AFB7B218846C10044E5E2 /* shah.jpg in Resources */ = {isa = PBXBuildFile; fileRef = 4C7AFB7A218846C10044E5E2 /* shah.jpg */; };
/* End PBXBuildFile section */

/* Begin PBXFileReference section */
		4C2B207B218B3C2F00692069 /* shah2.png */ = {isa = PBXFileReference; lastKnownFileType = image.png; path = shah2.png; sourceTree = "<group>"; };
		4C2B207D218B3CEA00692069 /* shah3.png */ = {isa = PBXFileReference; lastKnownFileType = image.png; path = shah3.png; sourceTree = "<group>"; };
		4C2B207F218B3CF000692069 /* shah4.png */ = {isa = PBXFileReference; lastKnownFileType = image.png; path = shah4.png; sourceTree = "<group>"; };
		4C2B2081218B3D4900692069 /* shah5.png */ = {isa = PBXFileReference; lastKnownFileType = image.png; path = shah5.png; sourceTree = "<group>"; };
		4C2B2082218B3D4900692069 /* shah6.png */ = {isa = PBXFileReference; lastKnownFileType = image.png; path = shah6.png; sourceTree = "<group>"; };
		4C2D41D8218C1614003F7250 /* SecondViewController.h */ = {isa = PBXFileReference; fileEncoding = 4; lastKnownFileType = sourcecode.c.h; path = SecondViewController.h; sourceTree = "<group>"; };
		4C2D41D9218C1614003F7250 /* SecondViewController.m */ = {isa = PBXFileReference; fileEncoding = 4; lastKnownFileType = sourcecode.c.objc; path = SecondViewController.m; sourceTree = "<group>"; };
		4C2D41DA218C1614003F7250 /* SecondViewController.xib */ = {isa = PBXFileReference; fileEncoding = 4; lastKnownFileType = file.xib; path = SecondViewController.xib; sourceTree = "<group>"; };
		4C2D41DD218C1635003F7250 /* ThridViewController.h */ = {isa = PBXFileReference; fileEncoding = 4; lastKnownFileType = sourcecode.c.h; path = ThridViewController.h; sourceTree = "<group>"; };
		4C2D41DE218C1635003F7250 /* ThridViewController.m */ = {isa = PBXFileReference; fileEncoding = 4; lastKnownFileType = sourcecode.c.objc; path = ThridViewController.m; sourceTree = "<group>"; };
		4C2D41DF218C1635003F7250 /* ThridViewController.xib */ = {isa = PBXFileReference; fileEncoding = 4; lastKnownFileType = file.xib; path = ThridViewController.xib; sourceTree = "<group>"; };
		4C2D41E2218C164E003F7250 /* FourViewController.h */ = {isa = PBXFileReference; fileEncoding = 4; lastKnownFileType = sourcecode.c.h; path = FourViewController.h; sourceTree = "<group>"; };
		4C2D41E3218C164E003F7250 /* FourViewController.m */ = {isa = PBXFileReference; fileEncoding = 4; lastKnownFileType = sourcecode.c.objc; path = FourViewController.m; sourceTree = "<group>"; };
		4C2D41E4218C164E003F7250 /* FourViewController.xib */ = {isa = PBXFileReference; fileEncoding = 4; lastKnownFileType = file.xib; path = FourViewController.xib; sourceTree = "<group>"; };
		4C7AFB60218844540044E5E2 /* Tableview.app */ = {isa = PBXFileReference; explicitFileType = wrapper.application; includeInIndex = 0; path = Tableview.app; sourceTree = BUILT_PRODUCTS_DIR; };
		4C7AFB64218844540044E5E2 /* main.m */ = {isa = PBXFileReference; lastKnownFileType = sourcecode.c.objc; path = main.m; sourceTree = "<group>"; };
		4C7AFB66218844540044E5E2 /* AppDelegate.h */ = {isa = PBXFileReference; lastKnownFileType = sourcecode.c.h; path = AppDelegate.h; sourceTree = "<group>"; };
		4C7AFB67218844540044E5E2 /* AppDelegate.m */ = {isa = PBXFileReference; lastKnownFileType = sourcecode.c.objc; path = AppDelegate.m; sourceTree = "<group>"; };
		4C7AFB69218844540044E5E2 /* ViewController.h */ = {isa = PBXFileReference; lastKnownFileType = sourcecode.c.h; path = ViewController.h; sourceTree = "<group>"; };
		4C7AFB6A218844540044E5E2 /* ViewController.m */ = {isa = PBXFileReference; lastKnownFileType = sourcecode.c.objc; path = ViewController.m; sourceTree = "<group>"; };
		4C7AFB6D218844540044E5E2 /* Base */ = {isa = PBXFileReference; lastKnownFileType = file.storyboard; name = Base; path = Base.lproj/Main.storyboard; sourceTree = "<group>"; };
		4C7AFB6F218844540044E5E2 /* Assets.xcassets */ = {isa = PBXFileReference; lastKnownFileType = folder.assetcatalog; path = Assets.xcassets; sourceTree = "<group>"; };
		4C7AFB72218844540044E5E2 /* Base */ = {isa = PBXFileReference; lastKnownFileType = file.storyboard; name = Base; path = Base.lproj/LaunchScreen.storyboard; sourceTree = "<group>"; };
		4C7AFB74218844540044E5E2 /* Info.plist */ = {isa = PBXFileReference; lastKnownFileType = text.plist.xml; path = Info.plist; sourceTree = "<group>"; };
		4C7AFB7A218846C10044E5E2 /* shah.jpg */ = {isa = PBXFileReference; lastKnownFileType = image.jpeg; path = shah.jpg; sourceTree = "<group>"; };
/* End PBXFileReference section */

/* Begin PBXFrameworksBuildPhase section */
		4C7AFB5D218844540044E5E2 /* Frameworks */ = {
			isa = PBXFrameworksBuildPhase;
			buildActionMask = 2147483647;
			files = (
			);
			runOnlyForDeploymentPostprocessing = 0;
		};
/* End PBXFrameworksBuildPhase section */

/* Begin PBXGroup section */
		4C7AFB57218844540044E5E2 = {
			isa = PBXGroup;
			children = (
				4C2B207F218B3CF000692069 /* shah4.png */,
				4C2B2081218B3D4900692069 /* shah5.png */,
				4C2B2082218B3D4900692069 /* shah6.png */,
				4C2B207D218B3CEA00692069 /* shah3.png */,
				4C2B207B218B3C2F00692069 /* shah2.png */,
				4C7AFB7A218846C10044E5E2 /* shah.jpg */,
				4C7AFB62218844540044E5E2 /* Tableview */,
				4C7AFB61218844540044E5E2 /* Products */,
			);
			sourceTree = "<group>";
		};
		4C7AFB61218844540044E5E2 /* Products */ = {
			isa = PBXGroup;
			children = (
				4C7AFB60218844540044E5E2 /* Tableview.app */,
			);
			name = Products;
			sourceTree = "<group>";
		};
		4C7AFB62218844540044E5E2 /* Tableview */ = {
			isa = PBXGroup;
			children = (
				4C7AFB66218844540044E5E2 /* AppDelegate.h */,
				4C7AFB67218844540044E5E2 /* AppDelegate.m */,
				4C7AFB69218844540044E5E2 /* ViewController.h */,
				4C7AFB6A218844540044E5E2 /* ViewController.m */,
				4C7AFB6C218844540044E5E2 /* Main.storyboard */,
				4C2D41D8218C1614003F7250 /* SecondViewController.h */,
				4C2D41D9218C1614003F7250 /* SecondViewController.m */,
				4C2D41DA218C1614003F7250 /* SecondViewController.xib */,
				4C2D41DD218C1635003F7250 /* ThridViewController.h */,
				4C2D41DE218C1635003F7250 /* ThridViewController.m */,
				4C2D41DF218C1635003F7250 /* ThridViewController.xib */,
				4C2D41E2218C164E003F7250 /* FourViewController.h */,
				4C2D41E3218C164E003F7250 /* FourViewController.m */,
				4C2D41E4218C164E003F7250 /* FourViewController.xib */,
				4C7AFB6F218844540044E5E2 /* Assets.xcassets */,
				4C7AFB71218844540044E5E2 /* LaunchScreen.storyboard */,
				4C7AFB74218844540044E5E2 /* Info.plist */,
				4C7AFB63218844540044E5E2 /* Supporting Files */,
			);
			path = Tableview;
			sourceTree = "<group>";
		};
		4C7AFB63218844540044E5E2 /* Supporting Files */ = {
			isa = PBXGroup;
			children = (
				4C7AFB64218844540044E5E2 /* main.m */,
			);
			name = "Supporting Files";
			sourceTree = "<group>";
		};
/* End PBXGroup section */

/* Begin PBXNativeTarget section */
		4C7AFB5F218844540044E5E2 /* Tableview */ = {
			isa = PBXNativeTarget;
			buildConfigurationList = 4C7AFB77218844540044E5E2 /* Build configuration list for PBXNativeTarget "Tableview" */;
			buildPhases = (
				4C7AFB5C218844540044E5E2 /* Sources */,
				4C7AFB5D218844540044E5E2 /* Frameworks */,
				4C7AFB5E218844540044E5E2 /* Resources */,
			);
			buildRules = (
			);
			dependencies = (
			);
			name = Tableview;
			productName = Tableview;
			productReference = 4C7AFB60218844540044E5E2 /* Tableview.app */;
			productType = "com.apple.product-type.application";
		};
/* End PBXNativeTarget section */

/* Begin PBXProject section */
		4C7AFB58218844540044E5E2 /* Project object */ = {
			isa = PBXProject;
			attributes = {
				LastUpgradeCheck = 0830;
				ORGANIZATIONNAME = "Shah Hussain Bangash";
				TargetAttributes = {
					4C7AFB5F218844540044E5E2 = {
						CreatedOnToolsVersion = 8.3.3;
						ProvisioningStyle = Automatic;
					};
				};
			};
			buildConfigurationList = 4C7AFB5B218844540044E5E2 /* Build configuration list for PBXProject "Tableview" */;
			compatibilityVersion = "Xcode 3.2";
			developmentRegion = English;
			hasScannedForEncodings = 0;
			knownRegions = (
				en,
				Base,
			);
			mainGroup = 4C7AFB57218844540044E5E2;
			productRefGroup = 4C7AFB61218844540044E5E2 /* Products */;
			projectDirPath = "";
			projectRoot = "";
			targets = (
				4C7AFB5F218844540044E5E2 /* Tableview */,
			);
		};
/* End PBXProject section */

/* Begin PBXResourcesBuildPhase section */
		4C7AFB5E218844540044E5E2 /* Resources */ = {
			isa = PBXResourcesBuildPhase;
			buildActionMask = 2147483647;
			files = (
				4C2B2080218B3CF000692069 /* shah4.png in Resources */,
				4C2B2084218B3D4900692069 /* shah6.png in Resources */,
				4C2D41E6218C164E003F7250 /* FourViewController.xib in Resources */,
				4C2D41E1218C1635003F7250 /* ThridViewController.xib in Resources */,
				4C7AFB73218844540044E5E2 /* LaunchScreen.storyboard in Resources */,
				4C2B207E218B3CEA00692069 /* shah3.png in Resources */,
				4C2D41DC218C1614003F7250 /* SecondViewController.xib in Resources */,
				4C7AFB70218844540044E5E2 /* Assets.xcassets in Resources */,
				4C7AFB6E218844540044E5E2 /* Main.storyboard in Resources */,
				4C2B2083218B3D4900692069 /* shah5.png in Resources */,
				4C7AFB7B218846C10044E5E2 /* shah.jpg in Resources */,
				4C2B207C218B3C2F00692069 /* shah2.png in Resources */,
			);
			runOnlyForDeploymentPostprocessing = 0;
		};
/* End PBXResourcesBuildPhase section */

/* Begin PBXSourcesBuildPhase section */
		4C7AFB5C218844540044E5E2 /* Sources */ = {
			isa = PBXSourcesBuildPhase;
			buildActionMask = 2147483647;
			files = (
				4C2D41E5218C164E003F7250 /* FourViewController.m in Sources */,
				4C2D41E0218C1635003F7250 /* ThridViewController.m in Sources */,
				4C2D41DB218C1614003F7250 /* SecondViewController.m in Sources */,
				4C7AFB6B218844540044E5E2 /* ViewController.m in Sources */,
				4C7AFB68218844540044E5E2 /* AppDelegate.m in Sources */,
				4C7AFB65218844540044E5E2 /* main.m in Sources */,
			);
			runOnlyForDeploymentPostprocessing = 0;
		};
/* End PBXSourcesBuildPhase section */

/* Begin PBXVariantGroup section */
		4C7AFB6C218844540044E5E2 /* Main.storyboard */ = {
			isa = PBXVariantGroup;
			children = (
				4C7AFB6D218844540044E5E2 /* Base */,
			);
			name = Main.storyboard;
			sourceTree = "<group>";
		};
		4C7AFB71218844540044E5E2 /* LaunchScreen.storyboard */ = {
			isa = PBXVariantGroup;
			children = (
				4C7AFB72218844540044E5E2 /* Base */,
			);
			name = LaunchScreen.storyboard;
			sourceTree = "<group>";
		};
/* End PBXVariantGroup section */

/* Begin XCBuildConfiguration section */
		4C7AFB75218844540044E5E2 /* Debug */ = {
			isa = XCBuildConfiguration;
			buildSettings = {
				ALWAYS_SEARCH_USER_PATHS = NO;
				CLANG_ANALYZER_NONNULL = YES;
				CLANG_ANALYZER_NUMBER_OBJECT_CONVERSION = YES_AGGRESSIVE;
				CLANG_CXX_LANGUAGE_STANDARD = "gnu++0x";
				CLANG_CXX_LIBRARY = "libc++";
				CLANG_ENABLE_MODULES = YES;
				CLANG_ENABLE_OBJC_ARC = YES;
				CLANG_WARN_BOOL_CONVERSION = YES;
				CLANG_WARN_CONSTANT_CONVERSION = YES;
				CLANG_WARN_DIRECT_OBJC_ISA_USAGE = YES_ERROR;
				CLANG_WARN_DOCUMENTATION_COMMENTS = YES;
				CLANG_WARN_EMPTY_BODY = YES;
				CLANG_WARN_ENUM_CONVERSION = YES;
				CLANG_WARN_INFINITE_RECURSION = YES;
				CLANG_WARN_INT_CONVERSION = YES;
				CLANG_WARN_OBJC_ROOT_CLASS = YES_ERROR;
				CLANG_WARN_SUSPICIOUS_MOVE = YES;
				CLANG_WARN_UNREACHABLE_CODE = YES;
				CLANG_WARN__DUPLICATE_METHOD_MATCH = YES;
				"CODE_SIGN_IDENTITY[sdk=iphoneos*]" = "iPhone Developer";
				COPY_PHASE_STRIP = NO;
				DEBUG_INFORMATION_FORMAT = dwarf;
				ENABLE_STRICT_OBJC_MSGSEND = YES;
				ENABLE_TESTABILITY = YES;
				GCC_C_LANGUAGE_STANDARD = gnu99;
				GCC_DYNAMIC_NO_PIC = NO;
				GCC_NO_COMMON_BLOCKS = YES;
				GCC_OPTIMIZATION_LEVEL = 0;
				GCC_PREPROCESSOR_DEFINITIONS = (
					"DEBUG=1",
					"$(inherited)",
				);
				GCC_WARN_64_TO_32_BIT_CONVERSION = YES;
				GCC_WARN_ABOUT_RETURN_TYPE = YES_ERROR;
				GCC_WARN_UNDECLARED_SELECTOR = YES;
				GCC_WARN_UNINITIALIZED_AUTOS = YES_AGGRESSIVE;
				GCC_WARN_UNUSED_FUNCTION = YES;
				GCC_WARN_UNUSED_VARIABLE = YES;
				IPHONEOS_DEPLOYMENT_TARGET = 10.3;
				MTL_ENABLE_DEBUG_INFO = YES;
				ONLY_ACTIVE_ARCH = YES;
				SDKROOT = iphoneos;
			};
			name = Debug;
		};
		4C7AFB76218844540044E5E2 /* Release */ = {
			isa = XCBuildConfiguration;
			buildSettings = {
				ALWAYS_SEARCH_USER_PATHS = NO;
				CLANG_ANALYZER_NONNULL = YES;
				CLANG_ANALYZER_NUMBER_OBJECT_CONVERSION = YES_AGGRESSIVE;
				CLANG_CXX_LANGUAGE_STANDARD = "gnu++0x";
				CLANG_CXX_LIBRARY = "libc++";
				CLANG_ENABLE_MODULES = YES;
				CLANG_ENABLE_OBJC_ARC = YES;
				CLANG_WARN_BOOL_CONVERSION = YES;
				CLANG_WARN_CONSTANT_CONVERSION = YES;
				CLANG_WARN_DIRECT_OBJC_ISA_USAGE = YES_ERROR;
				CLANG_WARN_DOCUMENTATION_COMMENTS = YES;
				CLANG_WARN_EMPTY_BODY = YES;
				CLANG_WARN_ENUM_CONVERSION = YES;
				CLANG_WARN_INFINITE_RECURSION = YES;
				CLANG_WARN_INT_CONVERSION = YES;
				CLANG_WARN_OBJC_ROOT_CLASS = YES_ERROR;
				CLANG_WARN_SUSPICIOUS_MOVE = YES;
				CLANG_WARN_UNREACHABLE_CODE = YES;
				CLANG_WARN__DUPLICATE_METHOD_MATCH = YES;
				"CODE_SIGN_IDENTITY[sdk=iphoneos*]" = "iPhone Developer";
				COPY_PHASE_STRIP = NO;
				DEBUG_INFORMATION_FORMAT = "dwarf-with-dsym";
				ENABLE_NS_ASSERTIONS = NO;
				ENABLE_STRICT_OBJC_MSGSEND = YES;
				GCC_C_LANGUAGE_STANDARD = gnu99;
				GCC_NO_COMMON_BLOCKS = YES;
				GCC_WARN_64_TO_32_BIT_CONVERSION = YES;
				GCC_WARN_ABOUT_RETURN_TYPE = YES_ERROR;
				GCC_WARN_UNDECLARED_SELECTOR = YES;
				GCC_WARN_UNINITIALIZED_AUTOS = YES_AGGRESSIVE;
				GCC_WARN_UNUSED_FUNCTION = YES;
				GCC_WARN_UNUSED_VARIABLE = YES;
				IPHONEOS_DEPLOYMENT_TARGET = 10.3;
				MTL_ENABLE_DEBUG_INFO = NO;
				SDKROOT = iphoneos;
				VALIDATE_PRODUCT = YES;
			};
			name = Release;
		};
		4C7AFB78218844540044E5E2 /* Debug */ = {
			isa = XCBuildConfiguration;
			buildSettings = {
				ASSETCATALOG_COMPILER_APPICON_NAME = AppIcon;
				INFOPLIST_FILE = Tableview/Info.plist;
				LD_RUNPATH_SEARCH_PATHS = "$(inherited) @executable_path/Frameworks";
				PRODUCT_BUNDLE_IDENTIFIER = onlinesoftteach.com.Tableview;
				PRODUCT_NAME = "$(TARGET_NAME)";
			};
			name = Debug;
		};
		4C7AFB79218844540044E5E2 /* Release */ = {
			isa = XCBuildConfiguration;
			buildSettings = {
				ASSETCATALOG_COMPILER_APPICON_NAME = AppIcon;
				INFOPLIST_FILE = Tableview/Info.plist;
				LD_RUNPATH_SEARCH_PATHS = "$(inherited) @executable_path/Frameworks";
				PRODUCT_BUNDLE_IDENTIFIER = onlinesoftteach.com.Tableview;
				PRODUCT_NAME = "$(TARGET_NAME)";
			};
			name = Release;
		};
/* End XCBuildConfiguration section */

/* Begin XCConfigurationList section */
		4C7AFB5B218844540044E5E2 /* Build configuration list for PBXProject "Tableview" */ = {
			isa = XCConfigurationList;
			buildConfigurations = (
				4C7AFB75218844540044E5E2 /* Debug */,
				4C7AFB76218844540044E5E2 /* Release */,
			);
			defaultConfigurationIsVisible = 0;
			defaultConfigurationName = Release;
		};
		4C7AFB77218844540044E5E2 /* Build configuration list for PBXNativeTarget "Tableview" */ = {
			isa = XCConfigurationList;
			buildConfigurations = (
				4C7AFB78218844540044E5E2 /* Debug */,
				4C7AFB79218844540044E5E2 /* Release */,
			);
			defaultConfigurationIsVisible = 0;
			defaultConfigurationName = Release;
		};
/* End XCConfigurationList section */
	};
	rootObject = 4C7AFB58218844540044E5E2 /* Project object */;
}
